
Microsoft Visual Studio Solution File, Format Version 12.00
# Visual Studio Version 16
VisualStudioVersion = 16.0.31105.61
MinimumVisualStudioVersion = 10.0.40219.1
Project("{9A19103F-16F7-4668-BE54-9A1E7A4F7556}") = "DomainModel", "DomainModel.csproj", "{A3D8D4AF-7977-4226-868C-EB1998CFA71D}"
EndProject
Project("{FAE04EC0-301F-11D3-BF4B-00C04F79EFBC}") = "WineWormsTests", "..\WineWormsTests\WineWormsTests.csproj", "{EC834CAC-07D1-4FEA-8132-263AFF55A2A6}"
EndProject
Global
	GlobalSection(SolutionConfigurationPlatforms) = preSolution
		Debug|Any CPU = Debug|Any CPU
		Release|Any CPU = Release|Any CPU
	EndGlobalSection
	GlobalSection(ProjectConfigurationPlatforms) = postSolution
		{A3D8D4AF-7977-4226-868C-EB1998CFA71D}.Debug|Any CPU.ActiveCfg = Debug|Any CPU
		{A3D8D4AF-7977-4226-868C-EB1998CFA71D}.Debug|Any CPU.Build.0 = Debug|Any CPU
		{A3D8D4AF-7977-4226-868C-EB1998CFA71D}.Release|Any CPU.ActiveCfg = Release|Any CPU
		{A3D8D4AF-7977-4226-868C-EB1998CFA71D}.Release|Any CPU.Build.0 = Release|Any CPU
		{EC834CAC-07D1-4FEA-8132-263AFF55A2A6}.Debug|Any CPU.ActiveCfg = Debug|Any CPU
		{EC834CAC-07D1-4FEA-8132-263AFF55A2A6}.Debug|Any CPU.Build.0 = Debug|Any CPU
		{EC834CAC-07D1-4FEA-8132-263AFF55A2A6}.Release|Any CPU.ActiveCfg = Release|Any CPU
		{EC834CAC-07D1-4FEA-8132-263AFF55A2A6}.Release|Any CPU.Build.0 = Release|Any CPU
	EndGlobalSection
	GlobalSection(SolutionProperties) = preSolution
		HideSolutionNode = FALSE
	EndGlobalSection
	GlobalSection(ExtensibilityGlobals) = postSolution
		SolutionGuid = {67B343E2-1DA5-4AF4-843B-3A824964343D}
	EndGlobalSection
EndGlobal
